
Microsoft Visual Studio Solution File, Format Version 12.00
# Visual Studio Version 16
VisualStudioVersion = 16.0.30002.166
MinimumVisualStudioVersion = 10.0.40219.1
Project("{888888A0-9F3D-457C-B088-3A5042F75D52}") = "DjangoWebProject1", "DjangoWebProject1\DjangoWebProject1.pyproj", "{D6030C03-3221-49D5-9E44-0C7CED5CDF6F}"
EndProject
Global
	GlobalSection(SolutionConfigurationPlatforms) = preSolution
		Debug|Any CPU = Debug|Any CPU
		Release|Any CPU = Release|Any CPU
	EndGlobalSection
	GlobalSection(ProjectConfigurationPlatforms) = postSolution
		{D6030C03-3221-49D5-9E44-0C7CED5CDF6F}.Debug|Any CPU.ActiveCfg = Debug|Any CPU
		{D6030C03-3221-49D5-9E44-0C7CED5CDF6F}.Debug|Any CPU.Build.0 = Debug|Any CPU
		{D6030C03-3221-49D5-9E44-0C7CED5CDF6F}.Release|Any CPU.ActiveCfg = Release|Any CPU
		{D6030C03-3221-49D5-9E44-0C7CED5CDF6F}.Release|Any CPU.Build.0 = Release|Any CPU
	EndGlobalSection
	GlobalSection(SolutionProperties) = preSolution
		HideSolutionNode = FALSE
	EndGlobalSection
	GlobalSection(ExtensibilityGlobals) = postSolution
		SolutionGuid = {082BA920-FA8F-497B-9BDD-1A21B4CB1F00}
	EndGlobalSection
EndGlobal
